
Microsoft Visual Studio Solution File, Format Version 12.00
# Visual Studio Version 16
VisualStudioVersion = 16.0.32228.343
MinimumVisualStudioVersion = 10.0.40219.1
Project("{FAE04EC0-301F-11D3-BF4B-00C04F79EFBC}") = "GETITHOSTIP", "GETITHOSTIP.csproj", "{47FDC69F-F1CB-485F-84F8-C9929AA69CF7}"
EndProject
Project("{FAE04EC0-301F-11D3-BF4B-00C04F79EFBC}") = "UnitTest", "..\UnitTest\UnitTest.csproj", "{64376B37-09E8-41FC-B8D9-909E7E5C4B9F}"
EndProject
Global
	GlobalSection(SolutionConfigurationPlatforms) = preSolution
		Debug|Any CPU = Debug|Any CPU
		Release|Any CPU = Release|Any CPU
	EndGlobalSection
	GlobalSection(ProjectConfigurationPlatforms) = postSolution
		{47FDC69F-F1CB-485F-84F8-C9929AA69CF7}.Debug|Any CPU.ActiveCfg = Debug|Any CPU
		{47FDC69F-F1CB-485F-84F8-C9929AA69CF7}.Debug|Any CPU.Build.0 = Debug|Any CPU
		{47FDC69F-F1CB-485F-84F8-C9929AA69CF7}.Release|Any CPU.ActiveCfg = Release|Any CPU
		{47FDC69F-F1CB-485F-84F8-C9929AA69CF7}.Release|Any CPU.Build.0 = Release|Any CPU
		{64376B37-09E8-41FC-B8D9-909E7E5C4B9F}.Debug|Any CPU.ActiveCfg = Debug|Any CPU
		{64376B37-09E8-41FC-B8D9-909E7E5C4B9F}.Debug|Any CPU.Build.0 = Debug|Any CPU
		{64376B37-09E8-41FC-B8D9-909E7E5C4B9F}.Release|Any CPU.ActiveCfg = Release|Any CPU
		{64376B37-09E8-41FC-B8D9-909E7E5C4B9F}.Release|Any CPU.Build.0 = Release|Any CPU
	EndGlobalSection
	GlobalSection(SolutionProperties) = preSolution
		HideSolutionNode = FALSE
	EndGlobalSection
	GlobalSection(ExtensibilityGlobals) = postSolution
		SolutionGuid = {2E21CA8E-0371-4ABB-AB1A-E02F78D395BB}
	EndGlobalSection
EndGlobal
